
Microsoft Visual Studio Solution File, Format Version 12.00
# Visual Studio Version 16
VisualStudioVersion = 16.0.31105.61
MinimumVisualStudioVersion = 10.0.40219.1
Project("{FAE04EC0-301F-11D3-BF4B-00C04F79EFBC}") = "MyDecorator", "MyDecorator\MyDecorator.csproj", "{675CA1F4-E887-408B-A06B-51EF226B9949}"
EndProject
Project("{2150E333-8FDC-42A3-9474-1A3956D46DE8}") = "Officer", "Officer", "{509B9FA1-E497-442D-9797-C1D4A49A56CB}"
EndProject
Global
	GlobalSection(SolutionConfigurationPlatforms) = preSolution
		Debug|Any CPU = Debug|Any CPU
		Release|Any CPU = Release|Any CPU
	EndGlobalSection
	GlobalSection(ProjectConfigurationPlatforms) = postSolution
		{675CA1F4-E887-408B-A06B-51EF226B9949}.Debug|Any CPU.ActiveCfg = Debug|Any CPU
		{675CA1F4-E887-408B-A06B-51EF226B9949}.Debug|Any CPU.Build.0 = Debug|Any CPU
		{675CA1F4-E887-408B-A06B-51EF226B9949}.Release|Any CPU.ActiveCfg = Release|Any CPU
		{675CA1F4-E887-408B-A06B-51EF226B9949}.Release|Any CPU.Build.0 = Release|Any CPU
	EndGlobalSection
	GlobalSection(SolutionProperties) = preSolution
		HideSolutionNode = FALSE
	EndGlobalSection
	GlobalSection(ExtensibilityGlobals) = postSolution
		SolutionGuid = {73034688-3F32-4D3C-904D-8C48D70EC824}
	EndGlobalSection
EndGlobal
